
Microsoft Visual Studio Solution File, Format Version 12.00
# Visual Studio Version 16
VisualStudioVersion = 16.0.30320.27
MinimumVisualStudioVersion = 10.0.40219.1
Project("{FAE04EC0-301F-11D3-BF4B-00C04F79EFBC}") = "KAS_HTTP_TagUtil", "KAS_HTTP_TagUtil\KAS_HTTP_TagUtil.csproj", "{92566D52-A78A-46D9-8455-6238DBB0960B}"
EndProject
Global
	GlobalSection(SolutionConfigurationPlatforms) = preSolution
		Debug|Any CPU = Debug|Any CPU
		Release|Any CPU = Release|Any CPU
	EndGlobalSection
	GlobalSection(ProjectConfigurationPlatforms) = postSolution
		{92566D52-A78A-46D9-8455-6238DBB0960B}.Debug|Any CPU.ActiveCfg = Debug|Any CPU
		{92566D52-A78A-46D9-8455-6238DBB0960B}.Debug|Any CPU.Build.0 = Debug|Any CPU
		{92566D52-A78A-46D9-8455-6238DBB0960B}.Release|Any CPU.ActiveCfg = Release|Any CPU
		{92566D52-A78A-46D9-8455-6238DBB0960B}.Release|Any CPU.Build.0 = Release|Any CPU
	EndGlobalSection
	GlobalSection(SolutionProperties) = preSolution
		HideSolutionNode = FALSE
	EndGlobalSection
	GlobalSection(ExtensibilityGlobals) = postSolution
		SolutionGuid = {36DDC5D6-10F2-4D43-B45D-57C4260BD43F}
	EndGlobalSection
EndGlobal
